{
  "name": "ravenfree-array-iterator",
  "version": "1.0.0",
  "lockfileVersion": 1,
  "requires": true,
  "dependencies": {
    "simple-statistics": {
      "version": "7.0.7",
      "resolved": "https://registry.npmjs.org/simple-statistics/-/simple-statistics-7.0.7.tgz",
      "integrity": "sha512-UnBGuxYzduYZ9ab2ENug7Ht1iLJ/xw1sVHXeasrdIcNX/CIYxYmXk1QJyI/M/GF5vZ9W1MkbOgnL7fX1CSis4A=="
    },
    "typescript": {
      "version": "3.7.4",
      "resolved": "https://registry.npmjs.org/typescript/-/typescript-3.7.4.tgz",
      "integrity": "sha512-A25xv5XCtarLwXpcDNZzCGvW2D1S3/bACratYBx2sax8PefsFhlYmkQicKHvpYflFS8if4zne5zT5kpJ7pzuvw==",
      "dev": true
    }
  }
}
